{
	"name": "voip24h-sip-gateway",
	"version": "1.0.8",
	"lockfileVersion": 3,
	"requires": true,
	"packages": {
		"": {
			"name": "voip24h-sip-gateway",
			"version": "1.0.8",
			"license": "MIT and VOIP24H",
			"dependencies": {
				"janus-gateway-with-adapter": "^1.0.0",
				"jquery": "^3.7.1",
				"webrtc-adapter": "^8.2.3"
			}
		},
		"node_modules/janus-gateway-with-adapter": {
			"version": "1.0.1",
			"resolved": "https://registry.npmjs.org/janus-gateway-with-adapter/-/janus-gateway-with-adapter-1.0.1.tgz",
			"integrity": "sha512-LR0zYuw253F4og2NUtNL2BO2NGtl9o5zioLsSIy2cBoErhUFVVjQgTUQg92T//B2Klp1g4kGyJzbOGv5ji6C7w==",
			"dependencies": {
				"webrtc-adapter": "8.2.3"
			}
		},
		"node_modules/jquery": {
			"version": "3.7.1",
			"resolved": "https://registry.npmjs.org/jquery/-/jquery-3.7.1.tgz",
			"integrity": "sha512-m4avr8yL8kmFN8psrbFFFmB/If14iN5o9nw/NgnnM+kybDJpRsAynV2BsfpTYrTRysYUdADVD7CkUUizgkpLfg=="
		},
		"node_modules/sdp": {
			"version": "3.2.0",
			"resolved": "https://registry.npmjs.org/sdp/-/sdp-3.2.0.tgz",
			"integrity": "sha512-d7wDPgDV3DDiqulJjKiV2865wKsJ34YI+NDREbm+FySq6WuKOikwyNQcm+doLAZ1O6ltdO0SeKle2xMpN3Brgw=="
		},
		"node_modules/webrtc-adapter": {
			"version": "8.2.3",
			"resolved": "https://registry.npmjs.org/webrtc-adapter/-/webrtc-adapter-8.2.3.tgz",
			"integrity": "sha512-gnmRz++suzmvxtp3ehQts6s2JtAGPuDPjA1F3a9ckNpG1kYdYuHWYpazoAnL9FS5/B21tKlhkorbdCXat0+4xQ==",
			"dependencies": {
				"sdp": "^3.2.0"
			},
			"engines": {
				"node": ">=6.0.0",
				"npm": ">=3.10.0"
			}
		}
	}
}
