{
  "name": "voip24h-sip-gateway",
  "version": "1.0.0",
  "lockfileVersion": 3,
  "requires": true,
  "packages": {
    "": {
      "name": "voip24h-sip-gateway",
      "version": "1.0.0",
      "license": "ISC",
      "dependencies": {
        "janus-gateway": "^1.2.0"
      }
    },
    "node_modules/janus-gateway": {
      "version": "1.2.0",
      "resolved": "https://registry.npmjs.org/janus-gateway/-/janus-gateway-1.2.0.tgz",
      "integrity": "sha512-JJ57COT/hyGkHR1lI3WJiFDfdoeM501PoRrlQqOt60yZCNIqnMNStaEpR9HdIvdOvORr6qASdZLa8XmDvf72cw==",
      "dependencies": {
        "webrtc-adapter": "8.2.3"
      }
    },
    "node_modules/sdp": {
      "version": "3.2.0",
      "resolved": "https://registry.npmjs.org/sdp/-/sdp-3.2.0.tgz",
      "integrity": "sha512-d7wDPgDV3DDiqulJjKiV2865wKsJ34YI+NDREbm+FySq6WuKOikwyNQcm+doLAZ1O6ltdO0SeKle2xMpN3Brgw=="
    },
    "node_modules/webrtc-adapter": {
      "version": "8.2.3",
      "resolved": "https://registry.npmjs.org/webrtc-adapter/-/webrtc-adapter-8.2.3.tgz",
      "integrity": "sha512-gnmRz++suzmvxtp3ehQts6s2JtAGPuDPjA1F3a9ckNpG1kYdYuHWYpazoAnL9FS5/B21tKlhkorbdCXat0+4xQ==",
      "dependencies": {
        "sdp": "^3.2.0"
      },
      "engines": {
        "node": ">=6.0.0",
        "npm": ">=3.10.0"
      }
    }
  }
}
