# THIS IS AN AUTOGENERATED FILE. DO NOT EDIT THIS FILE DIRECTLY.
# yarn lockfile v1


janus-gateway@^1.2.0:
  version "1.2.0"
  resolved "https://registry.yarnpkg.com/janus-gateway/-/janus-gateway-1.2.0.tgz#725abf1f4f61a1468875d78a54bbb18748d2132d"
  integrity sha512-JJ57COT/hyGkHR1lI3WJiFDfdoeM501PoRrlQqOt60yZCNIqnMNStaEpR9HdIvdOvORr6qASdZLa8XmDvf72cw==
  dependencies:
    webrtc-adapter "8.2.3"

sdp@^3.2.0:
  version "3.2.0"
  resolved "https://registry.yarnpkg.com/sdp/-/sdp-3.2.0.tgz#8961420552b36663b4d13ddba6f478d1461896a5"
  integrity sha512-d7wDPgDV3DDiqulJjKiV2865wKsJ34YI+NDREbm+FySq6WuKOikwyNQcm+doLAZ1O6ltdO0SeKle2xMpN3Brgw==

webrtc-adapter@8.2.3, webrtc-adapter@^8.2.3:
  version "8.2.3"
  resolved "https://registry.yarnpkg.com/webrtc-adapter/-/webrtc-adapter-8.2.3.tgz#85e5e52ea68e808be8d6db85e338aa5c95e80022"
  integrity sha512-gnmRz++suzmvxtp3ehQts6s2JtAGPuDPjA1F3a9ckNpG1kYdYuHWYpazoAnL9FS5/B21tKlhkorbdCXat0+4xQ==
  dependencies:
    sdp "^3.2.0"
